
Microsoft Visual Studio Solution File, Format Version 12.00
# Visual Studio Version 16
VisualStudioVersion = 16.0.30503.244
MinimumVisualStudioVersion = 10.0.40219.1
Project("{FAE04EC0-301F-11D3-BF4B-00C04F79EFBC}") = "git_test", "git_test.csproj", "{107CA845-E8E9-48A9-A034-7C626B1EF7BB}"
EndProject
Global
	GlobalSection(SolutionConfigurationPlatforms) = preSolution
		Debug|Any CPU = Debug|Any CPU
		Release|Any CPU = Release|Any CPU
	EndGlobalSection
	GlobalSection(ProjectConfigurationPlatforms) = postSolution
		{107CA845-E8E9-48A9-A034-7C626B1EF7BB}.Debug|Any CPU.ActiveCfg = Debug|Any CPU
		{107CA845-E8E9-48A9-A034-7C626B1EF7BB}.Debug|Any CPU.Build.0 = Debug|Any CPU
		{107CA845-E8E9-48A9-A034-7C626B1EF7BB}.Release|Any CPU.ActiveCfg = Release|Any CPU
		{107CA845-E8E9-48A9-A034-7C626B1EF7BB}.Release|Any CPU.Build.0 = Release|Any CPU
	EndGlobalSection
	GlobalSection(SolutionProperties) = preSolution
		HideSolutionNode = FALSE
	EndGlobalSection
	GlobalSection(ExtensibilityGlobals) = postSolution
		SolutionGuid = {AE410CDC-0073-40F8-9A99-6A270D5F9E26}
	EndGlobalSection
EndGlobal
